version: v2
locks:
  f/capabilities/collection/compare_product_snapshots: 6e4065f6c40c68f6397204bc1b7b15268d5421932375f56944f43a1d482e84ec
  f/capabilities/collection/extract_products: 03f5f4c359ac90b925c1bbd257bdd37cdbf883b835fb447cdfd1d848e3d49f62
  f/capabilities/collection/extract_structured_markup: eb93c780808d7d8b96f4b863021348585a9ad8e9b246f40fdcc7350678a5feba
  f/capabilities/collection/normalise_products: 9379e45f7b99c8d1e88f1148ba1e0beca16692edbc70a53aace68340fbdda584
  f/capabilities/collection/product_snapshot_write: 7b0015be69a3981ff88f1a64901bdc7e12032a5d7c85de5f5860b6ad1b978c9a
  f/capabilities/collection/render_product_report: 2529f598b64fca1a130bcf57a45ece15efb864cce5b35506d860782f9a9119a1
  f/capabilities/collection/web_fetch: a1e466187d532be0231be0e6218704841ad109bbff00891caac7c4557e40e022
  f/collection/baserow_webhook: 8c54a09a7e42c29311e50bf1d6b2f782cdbdb5f29a544545cda4ee7aafa3feb3
  f/data_platform/dbt_run: ad1437e222eb408d48e85afbde059366f5a70f7342865a03052d8833bef722f8
  f/data_platform/extract_hn_stories: 1f5ade62733cfb40962b1732ef2720cd6f4e8599ebb4f274cad6a66ea599036e
  f/hermes_flow/candidate_ops/create: 20344c40f4875f029ae7b10c2e8312d8dcba0c97b32ca0c9f37570435b5f52f1
  f/hermes_flow/candidate_ops/diff: 0cbbac5ea11ba5c823266c3b0d1e78495671b5d2941ab125580b6f7895861e60
  f/hermes_flow/candidate_ops/lifecycle: d8941228cc345d9415bbf0bf6360793aa6f9491905e2aea16148b2f511341e65
  f/hermes_flow/candidate_ops/models: 0240eec21f8e0a746da250c2a21f58210cd7bfcf1a3ce743a818139d9d131ca0
  f/hermes_flow/candidate_ops/prepare_promotion: 0509912a7c4cb4640713710f88b44e2e2d6837ec65f1aa00f6582e3e09bd023b
  f/hermes_flow/candidate_ops/promote: 17b3d5041504157d475dbc38a1f1c773c131df219391170f4cf4f8e976214054
  f/hermes_flow/candidate_ops/promotion.flow+__flow_hash: cb0099c6480b49dc3994e304e20b5a7e212c06d685ec84bcb4f2492492281efe
  f/hermes_flow/candidate_ops/promotion.flow+review_diff,_impact,_and_affected_tests.inline_script.py: 6af0cd9dfd87d77940df5020e2347e5fc7a4c42381a73f5a511f35f53e2d73b7
  f/hermes_flow/candidate_ops/rollback_recommendation: 6f8858c189b75a24c00a745708b83ff86098dc410acaec9263b1197cd2eedad4
  f/hermes_flow/catalogue/models: 57162afa90c8e652d5de272bb32926e35d39370a654bb32520fef60433c371ff
  f/hermes_flow/catalogue/search: 0a7409ceda79882dc5594863bad7b8bb0ec1fe67afa134451391b33beca49470
  f/hermes_flow/policies/evaluator: ed7773858de7174b7075d2ddcc0ef90db8a33533cb2d2f5f817a0acfdd7b7780
  f/hermes_flow/repair/adaptive_repair.flow+__flow_hash: 8e9499d72b186975a79dc2ff4dbd2ba063f65914d5f04f7a27d1143d1fcf1d4d
  f/hermes_flow/repair/adaptive_repair.flow+review_repair_diff,_consumer_impact,_fixture,_and_test_evidence.inline_script.py: 94c86524905e02fcd6cf2421016e530befee6103f8d631da07a218897eee641b
  f/hermes_flow/repair/finalize_retry: 2984a26b0606ae09f022bd9e01243598fd45ed88217b2ddb6d0368c5abcd6ff2
  f/hermes_flow/repair/generate_candidate: 67fce69b4b901efa1ff98ce917619d91b36baa1989b354b1613831b57163ed0c
  f/hermes_flow/repair/inspection: 6e151942dfd18c804ef9e03cdc58c892fc07c2357c38da4c3e060701d9d0a7e4
  f/hermes_flow/repair/models: 444738356f0df1bcd7fabd26ea72c3efc55af489bf50cb7d0c52207e3863e716
  f/hermes_flow/repair/orchestrate: a79cf83f56df58d34fe95ca1ae7ce90e1c2df3e1db555e576bc3b6cfb4361655
  f/hermes_flow/repair/promote_fixture: 994a2cd96c510f2906c9b96dee87510493e97df180d101abf466c2b90abb391d
  f/hermes_flow/testing/example_test: f418b5d367a9c8e5bca4e6271fed31512b4ef1172cdc7b02abd09bf5ae9ea528
  f/hermes_flow/testing/health_report: a1bf035c42982734aea7761e7b71f2ebc7b5d01129a4040633b8c1d495685821
  f/hermes_flow/testing/regression: fd834365d1c9f28608f89099042c0eaae94205da20b584a0ca76b9685f621fe2
  f/hermes_flow/testing/runner: bada98fd02d2ff50e08a44fd42adc7535e8aaf42bbff8d90800da70434b4d639
  f/hermes_flow/testing/scheduled_health: 773b91963cbe60fb415695d2c8a5f1c221483b8efac8d29e1cea9b87a1e5637a
  f/hermes_flow/testing/source_drift_fixture: b294e74b79b18639df85980160271df5694bbf3a7e8b886c655ed83de09a27c9
  f/hermes/browser: a38a6ec6105c48b4341924d7cda2567c900ed39a35bdea19c34a9b72aec89958
  f/hermes/chat: 7f9f3ed47afa424bcfe5ca24bcc1dd0a053ac62e64a354b6f0d6c92b0cee3361
  f/hermes/client: 3885294d79bcf8e513b0d0bece16452dabdaceca7451626a65ecd256a736b44e
  f/hermes/cronjob: adb605d30715cd465eec2feeea847d9c06eead927775a3275ad1682dc7b88482
  f/hermes/delegate_task: 3bf994b9668e5068a3714852b5b4b63fd435d7f41069b85a635850f8a1f8d724
  f/hermes/discord_message: 1c570e98cd48a9490994ff25f4ed310403091f32c3b38ad5607d8f81616d3cdc
  f/hermes/execute_code: 6ff225c0891bc14985c5153ed91904186babe75e864ded0997fff0808e12c32a
  f/hermes/image_generate: 780d90f69645be5e3a46bfd0ded46966818e9729bdc7b5a05340727beac9e78d
  f/hermes/memory: 50d1258e4ebf957a97c8d9d1176e7409d4552e3fb12dfc53042635d541ef44a1
  f/hermes/patch: a92a3746b25b57561c6caaa8a2c0532f38356e953b97433c34f12fc408546d7f
  f/hermes/process: b442b5de58c5173f27d83be0c30342b6c513fc99f1f480feecd26323e2f77c7a
  f/hermes/read_file: dd7fadadb686c0d260431894a0fec361ce9b3ba8cfdce162bd0742ba7e73a2e1
  f/hermes/search_files: 50c33b129dbf4d8f8cb832a486e2da06119d40da17b553824e6fb0669d97d4a9
  f/hermes/session_search: 2b68132e411178cbed33353167cbd10f1616ecd4864bb3f951f26727b739ac46
  f/hermes/skill_manage: 9b09c7e9f20fb710c97f18332af89d8b4d60632583c362f39c825d60a0d0ea43
  f/hermes/skill_view: 3f3430538c6ae871c76ee8e376cb2efab9cb47d16ec4d0d38c852867f94873ba
  f/hermes/skills_list: 87e2ac2ab58330faa8ae26bcaf456547bd442e507ce2c8c7009992a66b5790f3
  f/hermes/telegram: 73c69c808eeb70df3dddd41bb0a08fb07dcca981ad87ebb8a72e889c10ba50ee
  f/hermes/terminal: 52ecd834c205310345c6c20d8cdb9f61682c3f53038f55adb215f9516ae29506
  f/hermes/todo: fa1c275e8e082b91150df2c82a488b4e8813afbee7aead850f2e1463f4a36a35
  f/hermes/tool: f90d310bf221f55ab335d4f274d239ab67f1751925b466808e2c0c3d96fe8e8c
  f/hermes/vision_analyze: 11ee26b04faf99448c953fd9608a97e7107ffc5dcd2f83b48ca1d6e4caaaae40
  f/hermes/web_extract: 11259626e9b999a9416a2399985c6c4e2e4d89ced6e50734be23dac212c7cfac
  f/hermes/web_search: 6e3d50d0e25024e71027f0480f3dae3d4b4e63681b15e435692764e1233d4c97
  f/hermes/write_file: ac90294266262a439bbc337dcb4c9517c68180e6bf681dc8f6fa6a62cca5e2b3
  f/libraries/ai/invoke_hermes_structured: c628ff611791c6a418f919ef54f00cffab48fb8d1d03e2cd74fa93b7b1bd0caa
  f/libraries/capability/models: 522b5c8640dfc9537dea94898b215dd7f4e3cd60b6b35288b4695895481eae14
  f/libraries/lineage/helpers: b210a0ded0d84f144e07134d0351521df7e64446453bc5263bd9b223a3113529
  f/libraries/lineage/models: 3e3d56442cdf18f70daf72914b6e6d7f8ad3c7ec4c74e397f561d65c95e5abfb
  f/libraries/results/models: da0373304f421024b3db2d47a0336c11154cbe721dd6960fc3b86dd886fbf814
  f/libraries/retention/models: 184ba0c224a705491a49231bd96df03b7b34d0de1dbbb5b37661f67c8d3be64a
  f/libraries/storage/artifacts: a24cbd017b6abdd8eda9f499a278ae40d6c7663a62a5ee4c3251151b2dfa45cc
  f/workflows/product_collection.flow+__flow_hash: 36fa24ee86d35d11687fefe3f28e29a6f4e931f6cd69ceb530a61791428f0ed1
  f/workflows/product_collection.flow+run_bounded_product_collection_inside_the_windmill_worker.inline_script.py: 39e8cc700bb63167533a6e825f01d204e4182f059bcfacd86202a5e7b91a70b0
