version: v2
locks:
  f/capabilities/collection/compare_product_snapshots: ef2979bb1e1a6743e2cb078de770f069f362bd913e22537220ca017ce6910cb7
  f/capabilities/collection/extract_products: dabd19333acb3de308825e37329668c81f155c422eb088ac3ba5a73695ec2197
  f/capabilities/collection/extract_structured_markup: f3638ac8d5388988710989c17c991a2b4413a4b7e2f2d0dd11c54dd7f4ea6add
  f/capabilities/collection/normalise_products: 898587d20c5e2235c5bd67e122d7134e8fce9a402c7600a96c0d60c8d1bf7e6a
  f/capabilities/collection/product_snapshot_write: 6a0fab47d8a630b9b164ef6fc2cf9d9049d8587a1b453f5232178c2828d29859
  f/capabilities/collection/render_product_report: 81841cb84816a9edec5df8d1476ffaf156b50ba6217063074ea8c4d5c0c81724
  f/capabilities/collection/web_fetch: ff8567c5f6a7346de37ccb1d92c81cde952cf02a5089a3a15f791e94eaf1f0ef
  f/collection/baserow_webhook: 8c54a09a7e42c29311e50bf1d6b2f782cdbdb5f29a544545cda4ee7aafa3feb3
  f/data_platform/dbt_run: be748a82045ce31e96fdfa1d7cfba8e83d8ce96c71ca343fd296c86225f32524
  f/data_platform/extract_hn_stories: 1f5ade62733cfb40962b1732ef2720cd6f4e8599ebb4f274cad6a66ea599036e
  f/hermes_flow/candidate_ops/create: 09068ba34e5dae123425e5eda1db181c5c15cd6ace44af8a74f920f23bb97b1c
  f/hermes_flow/candidate_ops/diff: 5de87fff9209e7b15623d619d9259939ab7d124c9a677310b3afe34e267258ef
  f/hermes_flow/candidate_ops/lifecycle: eaf009e27f5c9dd328044059507a380e73b60f0ba2c137dd5b132c70f1391c95
  f/hermes_flow/candidate_ops/models: f160b43fc39278dfadaa2a999337d88092ebb6822b73d747d026a5460d20d7bf
  f/hermes_flow/candidate_ops/prepare_promotion: 989559e423057230cf88d9c5774b1b0f61f20b6eb23cf01cd59815e0c7c62c0e
  f/hermes_flow/candidate_ops/promote: 49a96d4ea41c795697b7f05b4b6e9d39c3db529eace3de567300bc7ae6653a09
  f/hermes_flow/candidate_ops/promotion.flow+__flow_hash: 080f5046ddc80c98d8129acf7c5b52057e26538f679aba07e14748f13e9a6957
  f/hermes_flow/candidate_ops/promotion.flow+review_diff,_impact,_and_affected_tests.inline_script.py: 0cb2ea0c5f417467bda3cc99be9edea4b39a4cdb87f0481bff4fdd3ce35fef85
  f/hermes_flow/catalogue/models: 1554e3e8302ec054a2a90dbcf9a6df004bed04c84c6970482a70d5499183f412
  f/hermes_flow/catalogue/search: 992a61e0b836d51df24747baf18796117410ee4ef8e6551221ddf517f461dec0
  f/hermes_flow/policies/evaluator: 34cf73b5e172fb80f4a160548e6c83409af732f8f73d03c04794be3e41915f1e
  f/hermes_flow/testing/example_test: f418b5d367a9c8e5bca4e6271fed31512b4ef1172cdc7b02abd09bf5ae9ea528
  f/hermes_flow/testing/regression: 85dac4a471d8bdf73d5258534359fe0b0ecc142df1eee9810a502f1898e53420
  f/hermes_flow/testing/runner: 1205921f657a5efec74b141d90f249af3221347acfc2b2563f9e3d9557954b1a
  f/hermes_flow/testing/scheduled_health: 1b44f3bf43d4b26dcdd6aa0e78f6f7251a455377973f4979b6731ea81c76b365
  f/hermes/chat: e8d58cf77c012bc4312bc1c9696e850213e8f75f6714a931ba788a9186a9b830
  f/hermes/client: 718f0db16e26856211e6fd76023ff8af80c04b3ec014deb86521e36a135f31d4
  f/libraries/ai/invoke_hermes_structured: 361cacdbaa1418bee029d46a3572a5eef313ebd09a0a3823188169317d885733
  f/libraries/capability/models: c6de730e35193196737fd8f9c73946b7c2e9484aba1d2232d3ab562a33f0e087
  f/libraries/lineage/helpers: dd683cb7d707193e507544ba2a30253d65def22a054645544648e583c776c51d
  f/libraries/lineage/models: d5def33147a5dc21de4ffd46e1471f9e843b104ed4f2a075eae40404f8ab5e70
  f/libraries/results/models: fb56e4445bb517671b3f75b5eb8cb8eed72bdf485f40dfc2fd2d05720184679a
  f/libraries/storage/artifacts: aadfa6661037a9435b4de17c2f69e257823c1878707376dac2badbdec8acad4c
