version: v2
locks:
  f/capabilities/collection/compare_product_snapshots: ef2979bb1e1a6743e2cb078de770f069f362bd913e22537220ca017ce6910cb7
  f/capabilities/collection/extract_products: dabd19333acb3de308825e37329668c81f155c422eb088ac3ba5a73695ec2197
  f/capabilities/collection/extract_structured_markup: f3638ac8d5388988710989c17c991a2b4413a4b7e2f2d0dd11c54dd7f4ea6add
  f/capabilities/collection/normalise_products: 898587d20c5e2235c5bd67e122d7134e8fce9a402c7600a96c0d60c8d1bf7e6a
  f/capabilities/collection/product_snapshot_write: 6a0fab47d8a630b9b164ef6fc2cf9d9049d8587a1b453f5232178c2828d29859
  f/capabilities/collection/render_product_report: 81841cb84816a9edec5df8d1476ffaf156b50ba6217063074ea8c4d5c0c81724
  f/capabilities/collection/web_fetch: ff8567c5f6a7346de37ccb1d92c81cde952cf02a5089a3a15f791e94eaf1f0ef
  f/collection/baserow_webhook: 8c54a09a7e42c29311e50bf1d6b2f782cdbdb5f29a544545cda4ee7aafa3feb3
  f/data_platform/dbt_run: be748a82045ce31e96fdfa1d7cfba8e83d8ce96c71ca343fd296c86225f32524
  f/data_platform/extract_hn_stories: 1f5ade62733cfb40962b1732ef2720cd6f4e8599ebb4f274cad6a66ea599036e
  f/hermes_flow/candidate_ops/create: 13e4edfa4d651cc17494376ac7aef02dc7f0e82f5272b27ed82640589e414baa
  f/hermes_flow/candidate_ops/diff: 5de87fff9209e7b15623d619d9259939ab7d124c9a677310b3afe34e267258ef
  f/hermes_flow/candidate_ops/lifecycle: eaf009e27f5c9dd328044059507a380e73b60f0ba2c137dd5b132c70f1391c95
  f/hermes_flow/candidate_ops/models: 12f16d9666abb5aa94a2390b6ce6571baefb9dcbd671399982db7553849fe3d1
  f/hermes_flow/candidate_ops/prepare_promotion: 989559e423057230cf88d9c5774b1b0f61f20b6eb23cf01cd59815e0c7c62c0e
  f/hermes_flow/candidate_ops/promote: 49a96d4ea41c795697b7f05b4b6e9d39c3db529eace3de567300bc7ae6653a09
  f/hermes_flow/candidate_ops/promotion.flow+__flow_hash: 080f5046ddc80c98d8129acf7c5b52057e26538f679aba07e14748f13e9a6957
  f/hermes_flow/candidate_ops/promotion.flow+review_diff,_impact,_and_affected_tests.inline_script.py: 0cb2ea0c5f417467bda3cc99be9edea4b39a4cdb87f0481bff4fdd3ce35fef85
  f/hermes_flow/candidate_ops/rollback_recommendation: 30790b1a951235184847ffc8700553db592aac15bd53336136b18537a4bbec24
  f/hermes_flow/catalogue/models: 1554e3e8302ec054a2a90dbcf9a6df004bed04c84c6970482a70d5499183f412
  f/hermes_flow/catalogue/search: 992a61e0b836d51df24747baf18796117410ee4ef8e6551221ddf517f461dec0
  f/hermes_flow/policies/evaluator: c3ddac62900cab2552c03d24be87af3de267c866c17e1e2154df6100f07f2651
  f/hermes_flow/repair/adaptive_repair.flow+__flow_hash: 8e9499d72b186975a79dc2ff4dbd2ba063f65914d5f04f7a27d1143d1fcf1d4d
  f/hermes_flow/repair/adaptive_repair.flow+review_repair_diff,_consumer_impact,_fixture,_and_test_evidence.inline_script.py: 94c86524905e02fcd6cf2421016e530befee6103f8d631da07a218897eee641b
  f/hermes_flow/repair/finalize_retry: 4dcaf408383371e9b489303324fe01896892020aa7ba4e649e9cd02251845804
  f/hermes_flow/repair/generate_candidate: 1a1764ed1c8672fb53e2fdb19eb4ba04b95992b0e692be8a10adace086648656
  f/hermes_flow/repair/inspection: 4a5194de310c6051fed92611c0840760125d6e88b310c289cf54153c3b1c705f
  f/hermes_flow/repair/models: 9cb0e331a72808f44f66f96df4b4f6c2b197f06c01433551cabeb23f5291f40f
  f/hermes_flow/repair/orchestrate: a8db29a5e88676a73e51c4038a7315bb34cde91ac78f72f414aeb1cf0fd8a596
  f/hermes_flow/repair/promote_fixture: d716f11d79ae490f80b8eb91c208a3d83477602f2bbe264b9845e0f19e29b586
  f/hermes_flow/testing/example_test: f418b5d367a9c8e5bca4e6271fed31512b4ef1172cdc7b02abd09bf5ae9ea528
  f/hermes_flow/testing/health_report: f5b2f9dcdc44459e7625c973508a2a9159a3784ec837dec8bd0703a01c92165d
  f/hermes_flow/testing/regression: 4540a74ad424504f706ed88e29a03ccff9cd3191c3a463de4c9afca7006c418d
  f/hermes_flow/testing/runner: 97c768ad1316bca2104dac0e4978387826f08b9b43d093fbd31353a91eb68ed0
  f/hermes_flow/testing/scheduled_health: 67071b28bc63198750cd7e728962ac453a534bd74c07cfa39d038c5f71572c00
  f/hermes_flow/testing/source_drift_fixture: 0330a6982790a29088142def287a4007d86d048b8e7c78b4822739380844135d
  f/hermes/chat: e8d58cf77c012bc4312bc1c9696e850213e8f75f6714a931ba788a9186a9b830
  f/hermes/client: 718f0db16e26856211e6fd76023ff8af80c04b3ec014deb86521e36a135f31d4
  f/libraries/ai/invoke_hermes_structured: 361cacdbaa1418bee029d46a3572a5eef313ebd09a0a3823188169317d885733
  f/libraries/capability/models: 62bb66034dcc5bde099d220061acc8bed0a1f3cb3ee495c6506c47c33494b69c
  f/libraries/lineage/helpers: dd683cb7d707193e507544ba2a30253d65def22a054645544648e583c776c51d
  f/libraries/lineage/models: 74c53d3ab41b99ccba89646bb6fbad9a3e4a3b222332895f88bec523126422a3
  f/libraries/results/models: fb56e4445bb517671b3f75b5eb8cb8eed72bdf485f40dfc2fd2d05720184679a
  f/libraries/retention/models: c76eee085860c2d7cb277773e2afee1c87b672b3e2b7fcb03391d463d17852ae
  f/libraries/storage/artifacts: 35e8d28a1f50e5747127ebd082f7502bcc7bafefe6686e1de484e927725ae884
  f/workflows/product_collection.flow+__flow_hash: 9a196cb54ba74af495dd22bfbf67ca2f81b9d68b35623032beebb0a9de537b9a
  f/workflows/product_collection.flow+run_bounded_product_collection_inside_the_windmill_worker.inline_script.py: 337d65f2dafaff0c316806c368dc136d8cbc526ec2ceccdef920fad69501ecb4
